
Microsoft Visual Studio Solution File, Format Version 12.00
# Visual Studio Version 17
VisualStudioVersion = 17.10.35004.147
MinimumVisualStudioVersion = 10.0.40219.1
Project("{9A19103F-16F7-4668-BE54-9A1E7A4F7556}") = "NatsJetStreamPoc", "NatsJetStreamPoc.csproj", "{70F8375C-9239-416A-A3B6-9076B084475C}"
EndProject
Global
	GlobalSection(SolutionConfigurationPlatforms) = preSolution
		Debug|Any CPU = Debug|Any CPU
		Release|Any CPU = Release|Any CPU
	EndGlobalSection
	GlobalSection(ProjectConfigurationPlatforms) = postSolution
		{70F8375C-9239-416A-A3B6-9076B084475C}.Debug|Any CPU.ActiveCfg = Debug|Any CPU
		{70F8375C-9239-416A-A3B6-9076B084475C}.Debug|Any CPU.Build.0 = Debug|Any CPU
		{70F8375C-9239-416A-A3B6-9076B084475C}.Release|Any CPU.ActiveCfg = Release|Any CPU
		{70F8375C-9239-416A-A3B6-9076B084475C}.Release|Any CPU.Build.0 = Release|Any CPU
	EndGlobalSection
	GlobalSection(SolutionProperties) = preSolution
		HideSolutionNode = FALSE
	EndGlobalSection
	GlobalSection(ExtensibilityGlobals) = postSolution
		SolutionGuid = {80E60553-A9AC-4678-8249-FFE0221A53F7}
	EndGlobalSection
EndGlobal
